
Microsoft Visual Studio Solution File, Format Version 12.00
# Visual Studio 2013
VisualStudioVersion = 12.0.30501.0
MinimumVisualStudioVersion = 10.0.40219.1
Project("{FAE04EC0-301F-11D3-BF4B-00C04F79EFBC}") = "Static Members of a Csharp Class", "Static Members of a Csharp Class\Static Members of a Csharp Class.csproj", "{3875A6F6-720D-464E-BCB0-BD31C38A627B}"
EndProject
Global
	GlobalSection(SolutionConfigurationPlatforms) = preSolution
		Debug|Any CPU = Debug|Any CPU
		Release|Any CPU = Release|Any CPU
	EndGlobalSection
	GlobalSection(ProjectConfigurationPlatforms) = postSolution
		{3875A6F6-720D-464E-BCB0-BD31C38A627B}.Debug|Any CPU.ActiveCfg = Debug|Any CPU
		{3875A6F6-720D-464E-BCB0-BD31C38A627B}.Debug|Any CPU.Build.0 = Debug|Any CPU
		{3875A6F6-720D-464E-BCB0-BD31C38A627B}.Release|Any CPU.ActiveCfg = Release|Any CPU
		{3875A6F6-720D-464E-BCB0-BD31C38A627B}.Release|Any CPU.Build.0 = Release|Any CPU
	EndGlobalSection
	GlobalSection(SolutionProperties) = preSolution
		HideSolutionNode = FALSE
	EndGlobalSection
EndGlobal
