
Microsoft Visual Studio Solution File, Format Version 12.00
# Visual Studio 2013
VisualStudioVersion = 12.0.30501.0
MinimumVisualStudioVersion = 10.0.40219.1
Project("{FAE04EC0-301F-11D3-BF4B-00C04F79EFBC}") = "generic class", "generic class\generic class.csproj", "{8828E5A1-446E-47B0-8134-24B258DA8FE0}"
EndProject
Global
	GlobalSection(SolutionConfigurationPlatforms) = preSolution
		Debug|Any CPU = Debug|Any CPU
		Release|Any CPU = Release|Any CPU
	EndGlobalSection
	GlobalSection(ProjectConfigurationPlatforms) = postSolution
		{8828E5A1-446E-47B0-8134-24B258DA8FE0}.Debug|Any CPU.ActiveCfg = Debug|Any CPU
		{8828E5A1-446E-47B0-8134-24B258DA8FE0}.Debug|Any CPU.Build.0 = Debug|Any CPU
		{8828E5A1-446E-47B0-8134-24B258DA8FE0}.Release|Any CPU.ActiveCfg = Release|Any CPU
		{8828E5A1-446E-47B0-8134-24B258DA8FE0}.Release|Any CPU.Build.0 = Release|Any CPU
	EndGlobalSection
	GlobalSection(SolutionProperties) = preSolution
		HideSolutionNode = FALSE
	EndGlobalSection
EndGlobal
