
Microsoft Visual Studio Solution File, Format Version 12.00
# Visual Studio 2013
VisualStudioVersion = 12.0.21005.1
MinimumVisualStudioVersion = 10.0.40219.1
Project("{FAE04EC0-301F-11D3-BF4B-00C04F79EFBC}") = "Recursive Method Call", "Recursive Method Call\Recursive Method Call.csproj", "{675CB5CE-1FFC-49AC-9BB8-DC31EA6EBF41}"
EndProject
Global
	GlobalSection(SolutionConfigurationPlatforms) = preSolution
		Debug|Any CPU = Debug|Any CPU
		Release|Any CPU = Release|Any CPU
	EndGlobalSection
	GlobalSection(ProjectConfigurationPlatforms) = postSolution
		{675CB5CE-1FFC-49AC-9BB8-DC31EA6EBF41}.Debug|Any CPU.ActiveCfg = Debug|Any CPU
		{675CB5CE-1FFC-49AC-9BB8-DC31EA6EBF41}.Debug|Any CPU.Build.0 = Debug|Any CPU
		{675CB5CE-1FFC-49AC-9BB8-DC31EA6EBF41}.Release|Any CPU.ActiveCfg = Release|Any CPU
		{675CB5CE-1FFC-49AC-9BB8-DC31EA6EBF41}.Release|Any CPU.Build.0 = Release|Any CPU
	EndGlobalSection
	GlobalSection(SolutionProperties) = preSolution
		HideSolutionNode = FALSE
	EndGlobalSection
EndGlobal
