
Microsoft Visual Studio Solution File, Format Version 12.00
# Visual Studio 2013
VisualStudioVersion = 12.0.30501.0
MinimumVisualStudioVersion = 10.0.40219.1
Project("{FAE04EC0-301F-11D3-BF4B-00C04F79EFBC}") = "Comparing Strings", "Comparing Strings\Comparing Strings.csproj", "{A2C66A71-8A79-4BEC-8B0C-12E142838FDB}"
EndProject
Global
	GlobalSection(SolutionConfigurationPlatforms) = preSolution
		Debug|Any CPU = Debug|Any CPU
		Release|Any CPU = Release|Any CPU
	EndGlobalSection
	GlobalSection(ProjectConfigurationPlatforms) = postSolution
		{A2C66A71-8A79-4BEC-8B0C-12E142838FDB}.Debug|Any CPU.ActiveCfg = Debug|Any CPU
		{A2C66A71-8A79-4BEC-8B0C-12E142838FDB}.Debug|Any CPU.Build.0 = Debug|Any CPU
		{A2C66A71-8A79-4BEC-8B0C-12E142838FDB}.Release|Any CPU.ActiveCfg = Release|Any CPU
		{A2C66A71-8A79-4BEC-8B0C-12E142838FDB}.Release|Any CPU.Build.0 = Release|Any CPU
	EndGlobalSection
	GlobalSection(SolutionProperties) = preSolution
		HideSolutionNode = FALSE
	EndGlobalSection
EndGlobal
